{
    "hash": "101d274dbcd006c534599cf86af2d4d9",
    "packages": [
        {
            "name": "company/commons",
            "version": "1.0.8",
            "source": {
                "type": "git",
                "url": "https://github.com/koloszko/commonTest",
                "reference": "1.0.8"
            },
            "dist": {
                "type": "zip",
                "url": "https://github.com/koloszko/commonTest/zipball/1.0.8",
                "reference": "1.0.8",
                "shasum": ""
            },
            "time": "2012-10-10 10:49:46",
            "type": "library",
            "installation-source": "dist",
            "support": {
                "source": "https://github.com/koloszko/commonTest/tree/1.0.8",
                "issues": "https://github.com/koloszko/commonTest/issues"
            }
        },
        {
            "name": "itbz/fpdf",
            "version": "1.7.1",
            "source": {
                "type": "git",
                "url": "https://github.com/itbz/fpdf.git",
                "reference": "1.7.1"
            },
            "dist": {
                "type": "zip",
                "url": "https://github.com/itbz/fpdf/zipball/1.7.1",
                "reference": "1.7.1",
                "shasum": ""
            },
            "require": {
                "php": ">=5.3.0"
            },
            "time": "2012-05-18 00:06:51",
            "type": "library",
            "installation-source": "dist",
            "autoload": {
                "psr-0": {
                    "fpdf": "src/"
                }
            },
            "description": "Unofficial PSR-0 compliant version of the FPDF library",
            "homepage": "http://www.fpdf.org/"
        },
        {
            "name": "itbz/fpdi",
            "version": "1.4.2",
            "source": {
                "type": "git",
                "url": "https://github.com/itbz/fpdi.git",
                "reference": "1.4.2"
            },
            "dist": {
                "type": "zip",
                "url": "https://github.com/itbz/fpdi/zipball/1.4.2",
                "reference": "1.4.2",
                "shasum": ""
            },
            "require": {
                "php": ">=5.3.0",
                "itbz/fpdf": "1.7.*"
            },
            "time": "2012-05-13 01:52:21",
            "type": "library",
            "installation-source": "dist",
            "autoload": {
                "psr-0": {
                    "fpdi": "src/"
                }
            },
            "description": "Unofficial PSR-0 compliant version of the FPDI library"
        },
        {
            "name": "zend/zend",
            "version": "1.12",
            "dist": {
                "type": "zip",
                "url": "http://packages.zendframework.com/releases/ZendFramework-1.12.0rc4/ZendFramework-1.12.0rc4-minimal.zip",
                "reference": null,
                "shasum": null
            },
            "type": "library",
            "installation-source": "dist",
            "autoload": {
                "psr-0": {
                    "Zend_": "library/",
                    "ZendX_": "extras/library/"
                }
            },
            "include-path": [
                "library/"
            ]
        }
    ],
    "packages-dev": null,
    "aliases": [

    ],
    "minimum-stability": "stable",
    "stability-flags": [

    ]
}
